// !$*UTF8*$!
{
	archiveVersion = 1;
	classes = {
	};
	objectVersion = 55;
	objects = {

/* Begin PBXBuildFile section */
		290DF4322983BA62003EB3FA /* RecentAnnouncementViewModel.swift in Sources */ = {isa = PBXBuildFile; fileRef = 290DF4312983BA62003EB3FA /* RecentAnnouncementViewModel.swift */; };
		290DF4352983D726003EB3FA /* RecentNews.swift in Sources */ = {isa = PBXBuildFile; fileRef = 290DF4342983D726003EB3FA /* RecentNews.swift */; };
		2924C245297F892E00744CDB /* TestInset.swift in Sources */ = {isa = PBXBuildFile; fileRef = 2924C244297F892E00744CDB /* TestInset.swift */; };
		2924C249297FF2BF00744CDB /* SelectorScreen.swift in Sources */ = {isa = PBXBuildFile; fileRef = 2924C248297FF2BF00744CDB /* SelectorScreen.swift */; };
		29287E4928D73C6100180DA7 /* SplashScreen.swift in Sources */ = {isa = PBXBuildFile; fileRef = 29287E4828D73C6100180DA7 /* SplashScreen.swift */; };
		29287E4B28D73C9200180DA7 /* AuthViewModel.swift in Sources */ = {isa = PBXBuildFile; fileRef = 29287E4A28D73C9200180DA7 /* AuthViewModel.swift */; };
		292C451B28D5E0D7005F176D /* ESSTUApp.swift in Sources */ = {isa = PBXBuildFile; fileRef = 292C451A28D5E0D7005F176D /* ESSTUApp.swift */; };
		292C451F28D5E0D8005F176D /* Assets.xcassets in Resources */ = {isa = PBXBuildFile; fileRef = 292C451E28D5E0D8005F176D /* Assets.xcassets */; };
		292C452228D5E0D8005F176D /* Preview Assets.xcassets in Resources */ = {isa = PBXBuildFile; fileRef = 292C452128D5E0D8005F176D /* Preview Assets.xcassets */; };
		292C452C28D5F502005F176D /* AuthScreen.swift in Sources */ = {isa = PBXBuildFile; fileRef = 292C452B28D5F502005F176D /* AuthScreen.swift */; };
		292DBC8A291DFFC500214521 /* Test.swift in Sources */ = {isa = PBXBuildFile; fileRef = 292DBC89291DFFC500214521 /* Test.swift */; };
		2973C7642981054C00D80043 /* AddMessage.swift in Sources */ = {isa = PBXBuildFile; fileRef = 2973C7632981054C00D80043 /* AddMessage.swift */; };
		297B9CC528DF044000A11505 /* AuthNavigation.swift in Sources */ = {isa = PBXBuildFile; fileRef = 297B9CC428DF044000A11505 /* AuthNavigation.swift */; };
		299AF6D0297AC71000F5A58C /* NewsScreen.swift in Sources */ = {isa = PBXBuildFile; fileRef = 299AF6CF297AC71000F5A58C /* NewsScreen.swift */; };
		299AF6D3297AD51E00F5A58C /* CardNews.swift in Sources */ = {isa = PBXBuildFile; fileRef = 299AF6D2297AD51E00F5A58C /* CardNews.swift */; };
		299AF6D6297BD03B00F5A58C /* BottomStudentNavigation.swift in Sources */ = {isa = PBXBuildFile; fileRef = 299AF6D5297BD03B00F5A58C /* BottomStudentNavigation.swift */; };
		299AF6DB297BD7A500F5A58C /* RootStudentNavigation.swift in Sources */ = {isa = PBXBuildFile; fileRef = 299AF6DA297BD7A500F5A58C /* RootStudentNavigation.swift */; };
		299AF6DD297BDD3500F5A58C /* FullScreenNews.swift in Sources */ = {isa = PBXBuildFile; fileRef = 299AF6DC297BDD3500F5A58C /* FullScreenNews.swift */; };
		299AF6DF297BE04900F5A58C /* PreviewAuthor.swift in Sources */ = {isa = PBXBuildFile; fileRef = 299AF6DE297BE04900F5A58C /* PreviewAuthor.swift */; };
		299AF6E2297BF5AE00F5A58C /* CorouselPager.swift in Sources */ = {isa = PBXBuildFile; fileRef = 299AF6E1297BF5AE00F5A58C /* CorouselPager.swift */; };
		299AF6E4297E438B00F5A58C /* TestImage.swift in Sources */ = {isa = PBXBuildFile; fileRef = 299AF6E3297E438B00F5A58C /* TestImage.swift */; };
/* End PBXBuildFile section */

/* Begin PBXFileReference section */
		290DF4312983BA62003EB3FA /* RecentAnnouncementViewModel.swift */ = {isa = PBXFileReference; lastKnownFileType = sourcecode.swift; path = RecentAnnouncementViewModel.swift; sourceTree = "<group>"; };
		290DF4342983D726003EB3FA /* RecentNews.swift */ = {isa = PBXFileReference; lastKnownFileType = sourcecode.swift; path = RecentNews.swift; sourceTree = "<group>"; };
		2924C244297F892E00744CDB /* TestInset.swift */ = {isa = PBXFileReference; lastKnownFileType = sourcecode.swift; path = TestInset.swift; sourceTree = "<group>"; };
		2924C248297FF2BF00744CDB /* SelectorScreen.swift */ = {isa = PBXFileReference; lastKnownFileType = sourcecode.swift; path = SelectorScreen.swift; sourceTree = "<group>"; };
		29287E4828D73C6100180DA7 /* SplashScreen.swift */ = {isa = PBXFileReference; lastKnownFileType = sourcecode.swift; path = SplashScreen.swift; sourceTree = "<group>"; };
		29287E4A28D73C9200180DA7 /* AuthViewModel.swift */ = {isa = PBXFileReference; lastKnownFileType = sourcecode.swift; path = AuthViewModel.swift; sourceTree = "<group>"; };
		292C451728D5E0D7005F176D /* ЛК ВСГУТУ.app */ = {isa = PBXFileReference; explicitFileType = wrapper.application; includeInIndex = 0; path = "ЛК ВСГУТУ.app"; sourceTree = BUILT_PRODUCTS_DIR; };
		292C451A28D5E0D7005F176D /* ESSTUApp.swift */ = {isa = PBXFileReference; lastKnownFileType = sourcecode.swift; path = ESSTUApp.swift; sourceTree = "<group>"; };
		292C451E28D5E0D8005F176D /* Assets.xcassets */ = {isa = PBXFileReference; lastKnownFileType = folder.assetcatalog; path = Assets.xcassets; sourceTree = "<group>"; };
		292C452128D5E0D8005F176D /* Preview Assets.xcassets */ = {isa = PBXFileReference; lastKnownFileType = folder.assetcatalog; path = "Preview Assets.xcassets"; sourceTree = "<group>"; };
		292C452B28D5F502005F176D /* AuthScreen.swift */ = {isa = PBXFileReference; lastKnownFileType = sourcecode.swift; path = AuthScreen.swift; sourceTree = "<group>"; };
		292DBC89291DFFC500214521 /* Test.swift */ = {isa = PBXFileReference; lastKnownFileType = sourcecode.swift; path = Test.swift; sourceTree = "<group>"; };
		2973C7632981054C00D80043 /* AddMessage.swift */ = {isa = PBXFileReference; lastKnownFileType = sourcecode.swift; path = AddMessage.swift; sourceTree = "<group>"; };
		297B9CC428DF044000A11505 /* AuthNavigation.swift */ = {isa = PBXFileReference; lastKnownFileType = sourcecode.swift; path = AuthNavigation.swift; sourceTree = "<group>"; };
		299AF6CF297AC71000F5A58C /* NewsScreen.swift */ = {isa = PBXFileReference; lastKnownFileType = sourcecode.swift; path = NewsScreen.swift; sourceTree = "<group>"; };
		299AF6D2297AD51E00F5A58C /* CardNews.swift */ = {isa = PBXFileReference; lastKnownFileType = sourcecode.swift; path = CardNews.swift; sourceTree = "<group>"; };
		299AF6D5297BD03B00F5A58C /* BottomStudentNavigation.swift */ = {isa = PBXFileReference; lastKnownFileType = sourcecode.swift; path = BottomStudentNavigation.swift; sourceTree = "<group>"; };
		299AF6DA297BD7A500F5A58C /* RootStudentNavigation.swift */ = {isa = PBXFileReference; lastKnownFileType = sourcecode.swift; path = RootStudentNavigation.swift; sourceTree = "<group>"; };
		299AF6DC297BDD3500F5A58C /* FullScreenNews.swift */ = {isa = PBXFileReference; lastKnownFileType = sourcecode.swift; path = FullScreenNews.swift; sourceTree = "<group>"; };
		299AF6DE297BE04900F5A58C /* PreviewAuthor.swift */ = {isa = PBXFileReference; lastKnownFileType = sourcecode.swift; path = PreviewAuthor.swift; sourceTree = "<group>"; };
		299AF6E1297BF5AE00F5A58C /* CorouselPager.swift */ = {isa = PBXFileReference; lastKnownFileType = sourcecode.swift; path = CorouselPager.swift; sourceTree = "<group>"; };
		299AF6E3297E438B00F5A58C /* TestImage.swift */ = {isa = PBXFileReference; lastKnownFileType = sourcecode.swift; path = TestImage.swift; sourceTree = "<group>"; };
/* End PBXFileReference section */

/* Begin PBXFrameworksBuildPhase section */
		292C451428D5E0D7005F176D /* Frameworks */ = {
			isa = PBXFrameworksBuildPhase;
			buildActionMask = 2147483647;
			files = (
			);
			runOnlyForDeploymentPostprocessing = 0;
		};
/* End PBXFrameworksBuildPhase section */

/* Begin PBXGroup section */
		290DF4302983BA46003EB3FA /* viewmodel */ = {
			isa = PBXGroup;
			children = (
				290DF4312983BA62003EB3FA /* RecentAnnouncementViewModel.swift */,
			);
			path = viewmodel;
			sourceTree = "<group>";
		};
		2924C246297FF28800744CDB /* messages */ = {
			isa = PBXGroup;
			children = (
				2924C247297FF2A200744CDB /* ui */,
			);
			path = messages;
			sourceTree = "<group>";
		};
		2924C247297FF2A200744CDB /* ui */ = {
			isa = PBXGroup;
			children = (
				2924C248297FF2BF00744CDB /* SelectorScreen.swift */,
				2973C7632981054C00D80043 /* AddMessage.swift */,
			);
			path = ui;
			sourceTree = "<group>";
		};
		29287E4528D7368700180DA7 /* viewmodel */ = {
			isa = PBXGroup;
			children = (
				29287E4A28D73C9200180DA7 /* AuthViewModel.swift */,
			);
			path = viewmodel;
			sourceTree = "<group>";
		};
		292C450E28D5E0D7005F176D = {
			isa = PBXGroup;
			children = (
				292C451928D5E0D7005F176D /* ESSTU */,
				292C451828D5E0D7005F176D /* Products */,
			);
			sourceTree = "<group>";
		};
		292C451828D5E0D7005F176D /* Products */ = {
			isa = PBXGroup;
			children = (
				292C451728D5E0D7005F176D /* ЛК ВСГУТУ.app */,
			);
			name = Products;
			sourceTree = "<group>";
		};
		292C451928D5E0D7005F176D /* ESSTU */ = {
			isa = PBXGroup;
			children = (
				299AF6CC297AC6AF00F5A58C /* student */,
				292C452928D5F497005F176D /* auth */,
				292C451A28D5E0D7005F176D /* ESSTUApp.swift */,
				292C451E28D5E0D8005F176D /* Assets.xcassets */,
				292C452028D5E0D8005F176D /* Preview Content */,
				292DBC89291DFFC500214521 /* Test.swift */,
				299AF6E3297E438B00F5A58C /* TestImage.swift */,
				2924C244297F892E00744CDB /* TestInset.swift */,
			);
			path = ESSTU;
			sourceTree = "<group>";
		};
		292C452028D5E0D8005F176D /* Preview Content */ = {
			isa = PBXGroup;
			children = (
				292C452128D5E0D8005F176D /* Preview Assets.xcassets */,
			);
			path = "Preview Content";
			sourceTree = "<group>";
		};
		292C452928D5F497005F176D /* auth */ = {
			isa = PBXGroup;
			children = (
				297B9CC328DF040700A11505 /* navigation */,
				29287E4528D7368700180DA7 /* viewmodel */,
				292C452A28D5F4CC005F176D /* ui */,
			);
			path = auth;
			sourceTree = "<group>";
		};
		292C452A28D5F4CC005F176D /* ui */ = {
			isa = PBXGroup;
			children = (
				292C452B28D5F502005F176D /* AuthScreen.swift */,
				29287E4828D73C6100180DA7 /* SplashScreen.swift */,
			);
			path = ui;
			sourceTree = "<group>";
		};
		297B9CC328DF040700A11505 /* navigation */ = {
			isa = PBXGroup;
			children = (
				297B9CC428DF044000A11505 /* AuthNavigation.swift */,
			);
			path = navigation;
			sourceTree = "<group>";
		};
		299AF6CC297AC6AF00F5A58C /* student */ = {
			isa = PBXGroup;
			children = (
				2924C246297FF28800744CDB /* messages */,
				299AF6D4297BD01C00F5A58C /* navigation */,
				299AF6CD297AC6E900F5A58C /* news */,
			);
			path = student;
			sourceTree = "<group>";
		};
		299AF6CD297AC6E900F5A58C /* news */ = {
			isa = PBXGroup;
			children = (
				290DF4302983BA46003EB3FA /* viewmodel */,
				299AF6CE297AC70000F5A58C /* ui */,
			);
			path = news;
			sourceTree = "<group>";
		};
		299AF6CE297AC70000F5A58C /* ui */ = {
			isa = PBXGroup;
			children = (
				299AF6D1297AD50A00F5A58C /* compotent */,
				299AF6CF297AC71000F5A58C /* NewsScreen.swift */,
				299AF6DC297BDD3500F5A58C /* FullScreenNews.swift */,
				290DF4342983D726003EB3FA /* RecentNews.swift */,
			);
			path = ui;
			sourceTree = "<group>";
		};
		299AF6D1297AD50A00F5A58C /* compotent */ = {
			isa = PBXGroup;
			children = (
				299AF6D2297AD51E00F5A58C /* CardNews.swift */,
				299AF6DE297BE04900F5A58C /* PreviewAuthor.swift */,
				299AF6E1297BF5AE00F5A58C /* CorouselPager.swift */,
			);
			path = compotent;
			sourceTree = "<group>";
		};
		299AF6D4297BD01C00F5A58C /* navigation */ = {
			isa = PBXGroup;
			children = (
				299AF6D5297BD03B00F5A58C /* BottomStudentNavigation.swift */,
				299AF6DA297BD7A500F5A58C /* RootStudentNavigation.swift */,
			);
			path = navigation;
			sourceTree = "<group>";
		};
/* End PBXGroup section */

/* Begin PBXNativeTarget section */
		292C451628D5E0D7005F176D /* ESSTU */ = {
			isa = PBXNativeTarget;
			buildConfigurationList = 292C452528D5E0D8005F176D /* Build configuration list for PBXNativeTarget "ESSTU" */;
			buildPhases = (
				292C452828D5E102005F176D /* Run Script */,
				292C451328D5E0D7005F176D /* Sources */,
				292C451428D5E0D7005F176D /* Frameworks */,
				292C451528D5E0D7005F176D /* Resources */,
			);
			buildRules = (
			);
			dependencies = (
			);
			name = ESSTU;
			productName = ESSTU;
			productReference = 292C451728D5E0D7005F176D /* ЛК ВСГУТУ.app */;
			productType = "com.apple.product-type.application";
		};
/* End PBXNativeTarget section */

/* Begin PBXProject section */
		292C450F28D5E0D7005F176D /* Project object */ = {
			isa = PBXProject;
			attributes = {
				BuildIndependentTargetsInParallel = 1;
				LastSwiftUpdateCheck = 1340;
				LastUpgradeCheck = 1340;
				TargetAttributes = {
					292C451628D5E0D7005F176D = {
						CreatedOnToolsVersion = 13.4.1;
					};
				};
			};
			buildConfigurationList = 292C451228D5E0D7005F176D /* Build configuration list for PBXProject "ESSTU" */;
			compatibilityVersion = "Xcode 13.0";
			developmentRegion = en;
			hasScannedForEncodings = 0;
			knownRegions = (
				en,
				Base,
			);
			mainGroup = 292C450E28D5E0D7005F176D;
			productRefGroup = 292C451828D5E0D7005F176D /* Products */;
			projectDirPath = "";
			projectRoot = "";
			targets = (
				292C451628D5E0D7005F176D /* ESSTU */,
			);
		};
/* End PBXProject section */

/* Begin PBXResourcesBuildPhase section */
		292C451528D5E0D7005F176D /* Resources */ = {
			isa = PBXResourcesBuildPhase;
			buildActionMask = 2147483647;
			files = (
				292C452228D5E0D8005F176D /* Preview Assets.xcassets in Resources */,
				292C451F28D5E0D8005F176D /* Assets.xcassets in Resources */,
			);
			runOnlyForDeploymentPostprocessing = 0;
		};
/* End PBXResourcesBuildPhase section */

/* Begin PBXShellScriptBuildPhase section */
		292C452828D5E102005F176D /* Run Script */ = {
			isa = PBXShellScriptBuildPhase;
			buildActionMask = 2147483647;
			files = (
			);
			inputFileListPaths = (
			);
			inputPaths = (
			);
			name = "Run Script";
			outputFileListPaths = (
			);
			outputPaths = (
			);
			runOnlyForDeploymentPostprocessing = 0;
			shellPath = /bin/sh;
			shellScript = "# Type a script or drag a script file from your workspace to insert its path.\ncd \"$SRCROOT/..\"\n./gradlew :shared:embedAndSignAppleFrameworkForXcode\n";
		};
/* End PBXShellScriptBuildPhase section */

/* Begin PBXSourcesBuildPhase section */
		292C451328D5E0D7005F176D /* Sources */ = {
			isa = PBXSourcesBuildPhase;
			buildActionMask = 2147483647;
			files = (
				2924C249297FF2BF00744CDB /* SelectorScreen.swift in Sources */,
				2973C7642981054C00D80043 /* AddMessage.swift in Sources */,
				299AF6E2297BF5AE00F5A58C /* CorouselPager.swift in Sources */,
				299AF6D6297BD03B00F5A58C /* BottomStudentNavigation.swift in Sources */,
				299AF6D3297AD51E00F5A58C /* CardNews.swift in Sources */,
				299AF6DD297BDD3500F5A58C /* FullScreenNews.swift in Sources */,
				299AF6D0297AC71000F5A58C /* NewsScreen.swift in Sources */,
				290DF4352983D726003EB3FA /* RecentNews.swift in Sources */,
				299AF6E4297E438B00F5A58C /* TestImage.swift in Sources */,
				29287E4928D73C6100180DA7 /* SplashScreen.swift in Sources */,
				29287E4B28D73C9200180DA7 /* AuthViewModel.swift in Sources */,
				2924C245297F892E00744CDB /* TestInset.swift in Sources */,
				299AF6DB297BD7A500F5A58C /* RootStudentNavigation.swift in Sources */,
				290DF4322983BA62003EB3FA /* RecentAnnouncementViewModel.swift in Sources */,
				299AF6DF297BE04900F5A58C /* PreviewAuthor.swift in Sources */,
				292C452C28D5F502005F176D /* AuthScreen.swift in Sources */,
				297B9CC528DF044000A11505 /* AuthNavigation.swift in Sources */,
				292DBC8A291DFFC500214521 /* Test.swift in Sources */,
				292C451B28D5E0D7005F176D /* ESSTUApp.swift in Sources */,
			);
			runOnlyForDeploymentPostprocessing = 0;
		};
/* End PBXSourcesBuildPhase section */

/* Begin XCBuildConfiguration section */
		292C452328D5E0D8005F176D /* Debug */ = {
			isa = XCBuildConfiguration;
			buildSettings = {
				ALWAYS_SEARCH_USER_PATHS = NO;
				CLANG_ANALYZER_NONNULL = YES;
				CLANG_ANALYZER_NUMBER_OBJECT_CONVERSION = YES_AGGRESSIVE;
				CLANG_CXX_LANGUAGE_STANDARD = "gnu++17";
				CLANG_ENABLE_MODULES = YES;
				CLANG_ENABLE_OBJC_ARC = YES;
				CLANG_ENABLE_OBJC_WEAK = YES;
				CLANG_WARN_BLOCK_CAPTURE_AUTORELEASING = YES;
				CLANG_WARN_BOOL_CONVERSION = YES;
				CLANG_WARN_COMMA = YES;
				CLANG_WARN_CONSTANT_CONVERSION = YES;
				CLANG_WARN_DEPRECATED_OBJC_IMPLEMENTATIONS = YES;
				CLANG_WARN_DIRECT_OBJC_ISA_USAGE = YES_ERROR;
				CLANG_WARN_DOCUMENTATION_COMMENTS = YES;
				CLANG_WARN_EMPTY_BODY = YES;
				CLANG_WARN_ENUM_CONVERSION = YES;
				CLANG_WARN_INFINITE_RECURSION = YES;
				CLANG_WARN_INT_CONVERSION = YES;
				CLANG_WARN_NON_LITERAL_NULL_CONVERSION = YES;
				CLANG_WARN_OBJC_IMPLICIT_RETAIN_SELF = YES;
				CLANG_WARN_OBJC_LITERAL_CONVERSION = YES;
				CLANG_WARN_OBJC_ROOT_CLASS = YES_ERROR;
				CLANG_WARN_QUOTED_INCLUDE_IN_FRAMEWORK_HEADER = YES;
				CLANG_WARN_RANGE_LOOP_ANALYSIS = YES;
				CLANG_WARN_STRICT_PROTOTYPES = YES;
				CLANG_WARN_SUSPICIOUS_MOVE = YES;
				CLANG_WARN_UNGUARDED_AVAILABILITY = YES_AGGRESSIVE;
				CLANG_WARN_UNREACHABLE_CODE = YES;
				CLANG_WARN__DUPLICATE_METHOD_MATCH = YES;
				COPY_PHASE_STRIP = NO;
				DEBUG_INFORMATION_FORMAT = dwarf;
				ENABLE_STRICT_OBJC_MSGSEND = YES;
				ENABLE_TESTABILITY = YES;
				GCC_C_LANGUAGE_STANDARD = gnu11;
				GCC_DYNAMIC_NO_PIC = NO;
				GCC_NO_COMMON_BLOCKS = YES;
				GCC_OPTIMIZATION_LEVEL = 0;
				GCC_PREPROCESSOR_DEFINITIONS = (
					"DEBUG=1",
					"$(inherited)",
				);
				GCC_WARN_64_TO_32_BIT_CONVERSION = YES;
				GCC_WARN_ABOUT_RETURN_TYPE = YES_ERROR;
				GCC_WARN_UNDECLARED_SELECTOR = YES;
				GCC_WARN_UNINITIALIZED_AUTOS = YES_AGGRESSIVE;
				GCC_WARN_UNUSED_FUNCTION = YES;
				GCC_WARN_UNUSED_VARIABLE = YES;
				IPHONEOS_DEPLOYMENT_TARGET = 15.5;
				MTL_ENABLE_DEBUG_INFO = INCLUDE_SOURCE;
				MTL_FAST_MATH = YES;
				ONLY_ACTIVE_ARCH = YES;
				SDKROOT = iphoneos;
				SWIFT_ACTIVE_COMPILATION_CONDITIONS = DEBUG;
				SWIFT_OPTIMIZATION_LEVEL = "-Onone";
			};
			name = Debug;
		};
		292C452428D5E0D8005F176D /* Release */ = {
			isa = XCBuildConfiguration;
			buildSettings = {
				ALWAYS_SEARCH_USER_PATHS = NO;
				CLANG_ANALYZER_NONNULL = YES;
				CLANG_ANALYZER_NUMBER_OBJECT_CONVERSION = YES_AGGRESSIVE;
				CLANG_CXX_LANGUAGE_STANDARD = "gnu++17";
				CLANG_ENABLE_MODULES = YES;
				CLANG_ENABLE_OBJC_ARC = YES;
				CLANG_ENABLE_OBJC_WEAK = YES;
				CLANG_WARN_BLOCK_CAPTURE_AUTORELEASING = YES;
				CLANG_WARN_BOOL_CONVERSION = YES;
				CLANG_WARN_COMMA = YES;
				CLANG_WARN_CONSTANT_CONVERSION = YES;
				CLANG_WARN_DEPRECATED_OBJC_IMPLEMENTATIONS = YES;
				CLANG_WARN_DIRECT_OBJC_ISA_USAGE = YES_ERROR;
				CLANG_WARN_DOCUMENTATION_COMMENTS = YES;
				CLANG_WARN_EMPTY_BODY = YES;
				CLANG_WARN_ENUM_CONVERSION = YES;
				CLANG_WARN_INFINITE_RECURSION = YES;
				CLANG_WARN_INT_CONVERSION = YES;
				CLANG_WARN_NON_LITERAL_NULL_CONVERSION = YES;
				CLANG_WARN_OBJC_IMPLICIT_RETAIN_SELF = YES;
				CLANG_WARN_OBJC_LITERAL_CONVERSION = YES;
				CLANG_WARN_OBJC_ROOT_CLASS = YES_ERROR;
				CLANG_WARN_QUOTED_INCLUDE_IN_FRAMEWORK_HEADER = YES;
				CLANG_WARN_RANGE_LOOP_ANALYSIS = YES;
				CLANG_WARN_STRICT_PROTOTYPES = YES;
				CLANG_WARN_SUSPICIOUS_MOVE = YES;
				CLANG_WARN_UNGUARDED_AVAILABILITY = YES_AGGRESSIVE;
				CLANG_WARN_UNREACHABLE_CODE = YES;
				CLANG_WARN__DUPLICATE_METHOD_MATCH = YES;
				COPY_PHASE_STRIP = NO;
				DEBUG_INFORMATION_FORMAT = "dwarf-with-dsym";
				ENABLE_NS_ASSERTIONS = NO;
				ENABLE_STRICT_OBJC_MSGSEND = YES;
				GCC_C_LANGUAGE_STANDARD = gnu11;
				GCC_NO_COMMON_BLOCKS = YES;
				GCC_WARN_64_TO_32_BIT_CONVERSION = YES;
				GCC_WARN_ABOUT_RETURN_TYPE = YES_ERROR;
				GCC_WARN_UNDECLARED_SELECTOR = YES;
				GCC_WARN_UNINITIALIZED_AUTOS = YES_AGGRESSIVE;
				GCC_WARN_UNUSED_FUNCTION = YES;
				GCC_WARN_UNUSED_VARIABLE = YES;
				IPHONEOS_DEPLOYMENT_TARGET = 15.5;
				MTL_ENABLE_DEBUG_INFO = NO;
				MTL_FAST_MATH = YES;
				SDKROOT = iphoneos;
				SWIFT_COMPILATION_MODE = wholemodule;
				SWIFT_OPTIMIZATION_LEVEL = "-O";
				VALIDATE_PRODUCT = YES;
			};
			name = Release;
		};
		292C452628D5E0D8005F176D /* Debug */ = {
			isa = XCBuildConfiguration;
			buildSettings = {
				ASSETCATALOG_COMPILER_APPICON_NAME = AppIcon;
				ASSETCATALOG_COMPILER_GLOBAL_ACCENT_COLOR_NAME = AccentColor;
				CODE_SIGN_STYLE = Automatic;
				CURRENT_PROJECT_VERSION = 1;
				DEVELOPMENT_ASSET_PATHS = "\"ESSTU/Preview Content\"";
				DEVELOPMENT_TEAM = J5HJ4663N7;
				ENABLE_PREVIEWS = YES;
				FRAMEWORK_SEARCH_PATHS = "$(SRCROOT)/../shared/build/xcode-frameworks/$(CONFIGURATION)/$(SDK_NAME)";
				GENERATE_INFOPLIST_FILE = YES;
				INFOPLIST_KEY_UIApplicationSceneManifest_Generation = YES;
				INFOPLIST_KEY_UIApplicationSupportsIndirectInputEvents = YES;
				INFOPLIST_KEY_UILaunchScreen_Generation = YES;
				INFOPLIST_KEY_UISupportedInterfaceOrientations = UIInterfaceOrientationPortrait;
				INFOPLIST_KEY_UISupportedInterfaceOrientations_iPad = "UIInterfaceOrientationLandscapeLeft UIInterfaceOrientationLandscapeRight UIInterfaceOrientationPortrait UIInterfaceOrientationPortraitUpsideDown";
				IPHONEOS_DEPLOYMENT_TARGET = 16.0;
				LD_RUNPATH_SEARCH_PATHS = (
					"$(inherited)",
					"@executable_path/Frameworks",
				);
				MARKETING_VERSION = 1.0;
				OTHER_LDFLAGS = (
					"$(inherited)",
					"-framework",
					shared,
				);
				PRODUCT_BUNDLE_IDENTIFIER = ru.esstu.ios;
				PRODUCT_NAME = "ЛК ВСГУТУ";
				SUPPORTED_PLATFORMS = "iphoneos iphonesimulator";
				SUPPORTS_MACCATALYST = NO;
				SUPPORTS_MAC_DESIGNED_FOR_IPHONE_IPAD = NO;
				SWIFT_EMIT_LOC_STRINGS = YES;
				SWIFT_VERSION = 5.0;
				TARGETED_DEVICE_FAMILY = "1,2";
			};
			name = Debug;
		};
		292C452728D5E0D8005F176D /* Release */ = {
			isa = XCBuildConfiguration;
			buildSettings = {
				ASSETCATALOG_COMPILER_APPICON_NAME = AppIcon;
				ASSETCATALOG_COMPILER_GLOBAL_ACCENT_COLOR_NAME = AccentColor;
				CODE_SIGN_STYLE = Automatic;
				CURRENT_PROJECT_VERSION = 1;
				DEVELOPMENT_ASSET_PATHS = "\"ESSTU/Preview Content\"";
				DEVELOPMENT_TEAM = J5HJ4663N7;
				ENABLE_PREVIEWS = YES;
				FRAMEWORK_SEARCH_PATHS = "$(SRCROOT)/../shared/build/xcode-frameworks/$(CONFIGURATION)/$(SDK_NAME)";
				GENERATE_INFOPLIST_FILE = YES;
				INFOPLIST_KEY_UIApplicationSceneManifest_Generation = YES;
				INFOPLIST_KEY_UIApplicationSupportsIndirectInputEvents = YES;
				INFOPLIST_KEY_UILaunchScreen_Generation = YES;
				INFOPLIST_KEY_UISupportedInterfaceOrientations = UIInterfaceOrientationPortrait;
				INFOPLIST_KEY_UISupportedInterfaceOrientations_iPad = "UIInterfaceOrientationLandscapeLeft UIInterfaceOrientationLandscapeRight UIInterfaceOrientationPortrait UIInterfaceOrientationPortraitUpsideDown";
				IPHONEOS_DEPLOYMENT_TARGET = 16.0;
				LD_RUNPATH_SEARCH_PATHS = (
					"$(inherited)",
					"@executable_path/Frameworks",
				);
				MARKETING_VERSION = 1.0;
				OTHER_LDFLAGS = (
					"$(inherited)",
					"-framework",
					shared,
				);
				PRODUCT_BUNDLE_IDENTIFIER = ru.esstu.ios;
				PRODUCT_NAME = "ЛК ВСГУТУ";
				SUPPORTED_PLATFORMS = "iphoneos iphonesimulator";
				SUPPORTS_MACCATALYST = NO;
				SUPPORTS_MAC_DESIGNED_FOR_IPHONE_IPAD = NO;
				SWIFT_EMIT_LOC_STRINGS = YES;
				SWIFT_VERSION = 5.0;
				TARGETED_DEVICE_FAMILY = "1,2";
			};
			name = Release;
		};
/* End XCBuildConfiguration section */

/* Begin XCConfigurationList section */
		292C451228D5E0D7005F176D /* Build configuration list for PBXProject "ESSTU" */ = {
			isa = XCConfigurationList;
			buildConfigurations = (
				292C452328D5E0D8005F176D /* Debug */,
				292C452428D5E0D8005F176D /* Release */,
			);
			defaultConfigurationIsVisible = 0;
			defaultConfigurationName = Release;
		};
		292C452528D5E0D8005F176D /* Build configuration list for PBXNativeTarget "ESSTU" */ = {
			isa = XCConfigurationList;
			buildConfigurations = (
				292C452628D5E0D8005F176D /* Debug */,
				292C452728D5E0D8005F176D /* Release */,
			);
			defaultConfigurationIsVisible = 0;
			defaultConfigurationName = Release;
		};
/* End XCConfigurationList section */
	};
	rootObject = 292C450F28D5E0D7005F176D /* Project object */;
}
